// !$*UTF8*$!
{
	archiveVersion = 1;
	classes = {
	};
	objectVersion = 46;
	objects = {

/* Begin PBXBuildFile section */
		89627DCA1EE71987000A1543 /* AppDelegate.swift in Sources */ = {isa = PBXBuildFile; fileRef = 89627DC91EE71987000A1543 /* AppDelegate.swift */; };
		89627DCC1EE71987000A1543 /* SignInVC.swift in Sources */ = {isa = PBXBuildFile; fileRef = 89627DCB1EE71987000A1543 /* SignInVC.swift */; };
		89627DCF1EE71987000A1543 /* Main.storyboard in Resources */ = {isa = PBXBuildFile; fileRef = 89627DCD1EE71987000A1543 /* Main.storyboard */; };
		89627DD11EE71987000A1543 /* Assets.xcassets in Resources */ = {isa = PBXBuildFile; fileRef = 89627DD01EE71987000A1543 /* Assets.xcassets */; };
		89627DD41EE71987000A1543 /* LaunchScreen.storyboard in Resources */ = {isa = PBXBuildFile; fileRef = 89627DD21EE71987000A1543 /* LaunchScreen.storyboard */; };
		89627DDC1EE71C72000A1543 /* GoogleService-Info.plist in Resources */ = {isa = PBXBuildFile; fileRef = 89627DDB1EE71C72000A1543 /* GoogleService-Info.plist */; };
		89627DE11EE822E9000A1543 /* FancyView.swift in Sources */ = {isa = PBXBuildFile; fileRef = 89627DE01EE822E9000A1543 /* FancyView.swift */; };
		89627DE41EE8237F000A1543 /* Constants.swift in Sources */ = {isa = PBXBuildFile; fileRef = 89627DE31EE8237F000A1543 /* Constants.swift */; };
		89627DE61EE98E70000A1543 /* RoundBtn.swift in Sources */ = {isa = PBXBuildFile; fileRef = 89627DE51EE98E70000A1543 /* RoundBtn.swift */; };
		89627DE81EE99016000A1543 /* FancyField.swift in Sources */ = {isa = PBXBuildFile; fileRef = 89627DE71EE99016000A1543 /* FancyField.swift */; };
		89627DEA1EE99148000A1543 /* FancyBtn.swift in Sources */ = {isa = PBXBuildFile; fileRef = 89627DE91EE99148000A1543 /* FancyBtn.swift */; };
		89AF813F1EEC55C70092DE83 /* FeedVC.swift in Sources */ = {isa = PBXBuildFile; fileRef = 89AF813E1EEC55C70092DE83 /* FeedVC.swift */; };
		89AF81411EED73E30092DE83 /* CircleView.swift in Sources */ = {isa = PBXBuildFile; fileRef = 89AF81401EED73E30092DE83 /* CircleView.swift */; };
		89AF81431EED85BA0092DE83 /* PostCell.swift in Sources */ = {isa = PBXBuildFile; fileRef = 89AF81421EED85BA0092DE83 /* PostCell.swift */; };
		F10F573BB01EDA849AC1C49C /* Pods_SocialApp.framework in Frameworks */ = {isa = PBXBuildFile; fileRef = ADFA3BEADD5A3412C7201D27 /* Pods_SocialApp.framework */; };
/* End PBXBuildFile section */

/* Begin PBXFileReference section */
		89627DC61EE71987000A1543 /* SocialApp.app */ = {isa = PBXFileReference; explicitFileType = wrapper.application; includeInIndex = 0; path = SocialApp.app; sourceTree = BUILT_PRODUCTS_DIR; };
		89627DC91EE71987000A1543 /* AppDelegate.swift */ = {isa = PBXFileReference; lastKnownFileType = sourcecode.swift; path = AppDelegate.swift; sourceTree = "<group>"; };
		89627DCB1EE71987000A1543 /* SignInVC.swift */ = {isa = PBXFileReference; lastKnownFileType = sourcecode.swift; name = SignInVC.swift; path = SocialApp/SignInVC.swift; sourceTree = "<group>"; };
		89627DCE1EE71987000A1543 /* Base */ = {isa = PBXFileReference; lastKnownFileType = file.storyboard; name = Base; path = Base.lproj/Main.storyboard; sourceTree = "<group>"; };
		89627DD01EE71987000A1543 /* Assets.xcassets */ = {isa = PBXFileReference; lastKnownFileType = folder.assetcatalog; path = Assets.xcassets; sourceTree = "<group>"; };
		89627DD31EE71987000A1543 /* Base */ = {isa = PBXFileReference; lastKnownFileType = file.storyboard; name = Base; path = Base.lproj/LaunchScreen.storyboard; sourceTree = "<group>"; };
		89627DD51EE71987000A1543 /* Info.plist */ = {isa = PBXFileReference; lastKnownFileType = text.plist.xml; path = Info.plist; sourceTree = "<group>"; };
		89627DDB1EE71C72000A1543 /* GoogleService-Info.plist */ = {isa = PBXFileReference; fileEncoding = 4; lastKnownFileType = text.plist.xml; path = "GoogleService-Info.plist"; sourceTree = "<group>"; };
		89627DE01EE822E9000A1543 /* FancyView.swift */ = {isa = PBXFileReference; fileEncoding = 4; lastKnownFileType = sourcecode.swift; path = FancyView.swift; sourceTree = "<group>"; };
		89627DE31EE8237F000A1543 /* Constants.swift */ = {isa = PBXFileReference; fileEncoding = 4; lastKnownFileType = sourcecode.swift; path = Constants.swift; sourceTree = "<group>"; };
		89627DE51EE98E70000A1543 /* RoundBtn.swift */ = {isa = PBXFileReference; fileEncoding = 4; lastKnownFileType = sourcecode.swift; path = RoundBtn.swift; sourceTree = "<group>"; };
		89627DE71EE99016000A1543 /* FancyField.swift */ = {isa = PBXFileReference; fileEncoding = 4; lastKnownFileType = sourcecode.swift; path = FancyField.swift; sourceTree = "<group>"; };
		89627DE91EE99148000A1543 /* FancyBtn.swift */ = {isa = PBXFileReference; fileEncoding = 4; lastKnownFileType = sourcecode.swift; path = FancyBtn.swift; sourceTree = "<group>"; };
		89AF813E1EEC55C70092DE83 /* FeedVC.swift */ = {isa = PBXFileReference; fileEncoding = 4; lastKnownFileType = sourcecode.swift; path = FeedVC.swift; sourceTree = "<group>"; };
		89AF81401EED73E30092DE83 /* CircleView.swift */ = {isa = PBXFileReference; fileEncoding = 4; lastKnownFileType = sourcecode.swift; path = CircleView.swift; sourceTree = "<group>"; };
		89AF81421EED85BA0092DE83 /* PostCell.swift */ = {isa = PBXFileReference; fileEncoding = 4; lastKnownFileType = sourcecode.swift; name = PostCell.swift; path = SocialApp/PostCell.swift; sourceTree = "<group>"; };
		8A1F1459040AC731BB2213DC /* Pods-SocialApp.release.xcconfig */ = {isa = PBXFileReference; includeInIndex = 1; lastKnownFileType = text.xcconfig; name = "Pods-SocialApp.release.xcconfig"; path = "Pods/Target Support Files/Pods-SocialApp/Pods-SocialApp.release.xcconfig"; sourceTree = "<group>"; };
		ADFA3BEADD5A3412C7201D27 /* Pods_SocialApp.framework */ = {isa = PBXFileReference; explicitFileType = wrapper.framework; includeInIndex = 0; path = Pods_SocialApp.framework; sourceTree = BUILT_PRODUCTS_DIR; };
		F71D40C56B47680F2C151706 /* Pods-SocialApp.debug.xcconfig */ = {isa = PBXFileReference; includeInIndex = 1; lastKnownFileType = text.xcconfig; name = "Pods-SocialApp.debug.xcconfig"; path = "Pods/Target Support Files/Pods-SocialApp/Pods-SocialApp.debug.xcconfig"; sourceTree = "<group>"; };
/* End PBXFileReference section */

/* Begin PBXFrameworksBuildPhase section */
		89627DC31EE71987000A1543 /* Frameworks */ = {
			isa = PBXFrameworksBuildPhase;
			buildActionMask = 2147483647;
			files = (
				F10F573BB01EDA849AC1C49C /* Pods_SocialApp.framework in Frameworks */,
			);
			runOnlyForDeploymentPostprocessing = 0;
		};
/* End PBXFrameworksBuildPhase section */

/* Begin PBXGroup section */
		06144D5CC93B20B1EC4377C9 /* Pods */ = {
			isa = PBXGroup;
			children = (
				F71D40C56B47680F2C151706 /* Pods-SocialApp.debug.xcconfig */,
				8A1F1459040AC731BB2213DC /* Pods-SocialApp.release.xcconfig */,
			);
			name = Pods;
			sourceTree = "<group>";
		};
		89627DBD1EE71987000A1543 = {
			isa = PBXGroup;
			children = (
				89627DC81EE71987000A1543 /* SocialApp */,
				89627DC71EE71987000A1543 /* Products */,
				06144D5CC93B20B1EC4377C9 /* Pods */,
				918FF20C91697737E3D449F5 /* Frameworks */,
			);
			sourceTree = "<group>";
		};
		89627DC71EE71987000A1543 /* Products */ = {
			isa = PBXGroup;
			children = (
				89627DC61EE71987000A1543 /* SocialApp.app */,
			);
			name = Products;
			sourceTree = "<group>";
		};
		89627DC81EE71987000A1543 /* SocialApp */ = {
			isa = PBXGroup;
			children = (
				89627DE21EE82366000A1543 /* Utilities */,
				89627DDF1EE721CB000A1543 /* Model */,
				89627DDE1EE721C4000A1543 /* View */,
				89627DDD1EE7219A000A1543 /* Controller */,
				89627DC91EE71987000A1543 /* AppDelegate.swift */,
				89627DCD1EE71987000A1543 /* Main.storyboard */,
				89627DD01EE71987000A1543 /* Assets.xcassets */,
				89627DD21EE71987000A1543 /* LaunchScreen.storyboard */,
				89627DD51EE71987000A1543 /* Info.plist */,
				89627DDB1EE71C72000A1543 /* GoogleService-Info.plist */,
			);
			path = SocialApp;
			sourceTree = "<group>";
		};
		89627DDD1EE7219A000A1543 /* Controller */ = {
			isa = PBXGroup;
			children = (
				89627DCB1EE71987000A1543 /* SignInVC.swift */,
				89AF813E1EEC55C70092DE83 /* FeedVC.swift */,
				89AF81421EED85BA0092DE83 /* PostCell.swift */,
			);
			name = Controller;
			path = ..;
			sourceTree = "<group>";
		};
		89627DDE1EE721C4000A1543 /* View */ = {
			isa = PBXGroup;
			children = (
				89627DE01EE822E9000A1543 /* FancyView.swift */,
				89627DE51EE98E70000A1543 /* RoundBtn.swift */,
				89627DE71EE99016000A1543 /* FancyField.swift */,
				89627DE91EE99148000A1543 /* FancyBtn.swift */,
				89AF81401EED73E30092DE83 /* CircleView.swift */,
			);
			name = View;
			sourceTree = "<group>";
		};
		89627DDF1EE721CB000A1543 /* Model */ = {
			isa = PBXGroup;
			children = (
			);
			name = Model;
			sourceTree = "<group>";
		};
		89627DE21EE82366000A1543 /* Utilities */ = {
			isa = PBXGroup;
			children = (
				89627DE31EE8237F000A1543 /* Constants.swift */,
			);
			name = Utilities;
			sourceTree = "<group>";
		};
		918FF20C91697737E3D449F5 /* Frameworks */ = {
			isa = PBXGroup;
			children = (
				ADFA3BEADD5A3412C7201D27 /* Pods_SocialApp.framework */,
			);
			name = Frameworks;
			sourceTree = "<group>";
		};
/* End PBXGroup section */

/* Begin PBXNativeTarget section */
		89627DC51EE71987000A1543 /* SocialApp */ = {
			isa = PBXNativeTarget;
			buildConfigurationList = 89627DD81EE71987000A1543 /* Build configuration list for PBXNativeTarget "SocialApp" */;
			buildPhases = (
				D30F5EB8A894F32F9CB6EB8D /* [CP] Check Pods Manifest.lock */,
				89627DC21EE71987000A1543 /* Sources */,
				89627DC31EE71987000A1543 /* Frameworks */,
				89627DC41EE71987000A1543 /* Resources */,
				8A0A64E7A54348A8C471949A /* [CP] Embed Pods Frameworks */,
				94A169C039E0A30A92E50743 /* [CP] Copy Pods Resources */,
			);
			buildRules = (
			);
			dependencies = (
			);
			name = SocialApp;
			productName = SocialApp;
			productReference = 89627DC61EE71987000A1543 /* SocialApp.app */;
			productType = "com.apple.product-type.application";
		};
/* End PBXNativeTarget section */

/* Begin PBXProject section */
		89627DBE1EE71987000A1543 /* Project object */ = {
			isa = PBXProject;
			attributes = {
				LastSwiftUpdateCheck = 0830;
				LastUpgradeCheck = 0830;
				ORGANIZATIONNAME = "Jeff Ripke";
				TargetAttributes = {
					89627DC51EE71987000A1543 = {
						CreatedOnToolsVersion = 8.3.2;
						DevelopmentTeam = 997RL2KYD9;
						ProvisioningStyle = Automatic;
					};
				};
			};
			buildConfigurationList = 89627DC11EE71987000A1543 /* Build configuration list for PBXProject "SocialApp" */;
			compatibilityVersion = "Xcode 3.2";
			developmentRegion = English;
			hasScannedForEncodings = 0;
			knownRegions = (
				en,
				Base,
			);
			mainGroup = 89627DBD1EE71987000A1543;
			productRefGroup = 89627DC71EE71987000A1543 /* Products */;
			projectDirPath = "";
			projectRoot = "";
			targets = (
				89627DC51EE71987000A1543 /* SocialApp */,
			);
		};
/* End PBXProject section */

/* Begin PBXResourcesBuildPhase section */
		89627DC41EE71987000A1543 /* Resources */ = {
			isa = PBXResourcesBuildPhase;
			buildActionMask = 2147483647;
			files = (
				89627DD41EE71987000A1543 /* LaunchScreen.storyboard in Resources */,
				89627DD11EE71987000A1543 /* Assets.xcassets in Resources */,
				89627DCF1EE71987000A1543 /* Main.storyboard in Resources */,
				89627DDC1EE71C72000A1543 /* GoogleService-Info.plist in Resources */,
			);
			runOnlyForDeploymentPostprocessing = 0;
		};
/* End PBXResourcesBuildPhase section */

/* Begin PBXShellScriptBuildPhase section */
		8A0A64E7A54348A8C471949A /* [CP] Embed Pods Frameworks */ = {
			isa = PBXShellScriptBuildPhase;
			buildActionMask = 2147483647;
			files = (
			);
			inputPaths = (
			);
			name = "[CP] Embed Pods Frameworks";
			outputPaths = (
			);
			runOnlyForDeploymentPostprocessing = 0;
			shellPath = /bin/sh;
			shellScript = "\"${SRCROOT}/Pods/Target Support Files/Pods-SocialApp/Pods-SocialApp-frameworks.sh\"\n";
			showEnvVarsInLog = 0;
		};
		94A169C039E0A30A92E50743 /* [CP] Copy Pods Resources */ = {
			isa = PBXShellScriptBuildPhase;
			buildActionMask = 2147483647;
			files = (
			);
			inputPaths = (
			);
			name = "[CP] Copy Pods Resources";
			outputPaths = (
			);
			runOnlyForDeploymentPostprocessing = 0;
			shellPath = /bin/sh;
			shellScript = "\"${SRCROOT}/Pods/Target Support Files/Pods-SocialApp/Pods-SocialApp-resources.sh\"\n";
			showEnvVarsInLog = 0;
		};
		D30F5EB8A894F32F9CB6EB8D /* [CP] Check Pods Manifest.lock */ = {
			isa = PBXShellScriptBuildPhase;
			buildActionMask = 2147483647;
			files = (
			);
			inputPaths = (
			);
			name = "[CP] Check Pods Manifest.lock";
			outputPaths = (
			);
			runOnlyForDeploymentPostprocessing = 0;
			shellPath = /bin/sh;
			shellScript = "diff \"${PODS_PODFILE_DIR_PATH}/Podfile.lock\" \"${PODS_ROOT}/Manifest.lock\" > /dev/null\nif [ $? != 0 ] ; then\n    # print error to STDERR\n    echo \"error: The sandbox is not in sync with the Podfile.lock. Run 'pod install' or update your CocoaPods installation.\" >&2\n    exit 1\nfi\n";
			showEnvVarsInLog = 0;
		};
/* End PBXShellScriptBuildPhase section */

/* Begin PBXSourcesBuildPhase section */
		89627DC21EE71987000A1543 /* Sources */ = {
			isa = PBXSourcesBuildPhase;
			buildActionMask = 2147483647;
			files = (
				89AF81411EED73E30092DE83 /* CircleView.swift in Sources */,
				89627DE81EE99016000A1543 /* FancyField.swift in Sources */,
				89627DCC1EE71987000A1543 /* SignInVC.swift in Sources */,
				89627DE61EE98E70000A1543 /* RoundBtn.swift in Sources */,
				89627DCA1EE71987000A1543 /* AppDelegate.swift in Sources */,
				89AF813F1EEC55C70092DE83 /* FeedVC.swift in Sources */,
				89627DE11EE822E9000A1543 /* FancyView.swift in Sources */,
				89627DE41EE8237F000A1543 /* Constants.swift in Sources */,
				89627DEA1EE99148000A1543 /* FancyBtn.swift in Sources */,
				89AF81431EED85BA0092DE83 /* PostCell.swift in Sources */,
			);
			runOnlyForDeploymentPostprocessing = 0;
		};
/* End PBXSourcesBuildPhase section */

/* Begin PBXVariantGroup section */
		89627DCD1EE71987000A1543 /* Main.storyboard */ = {
			isa = PBXVariantGroup;
			children = (
				89627DCE1EE71987000A1543 /* Base */,
			);
			name = Main.storyboard;
			sourceTree = "<group>";
		};
		89627DD21EE71987000A1543 /* LaunchScreen.storyboard */ = {
			isa = PBXVariantGroup;
			children = (
				89627DD31EE71987000A1543 /* Base */,
			);
			name = LaunchScreen.storyboard;
			sourceTree = "<group>";
		};
/* End PBXVariantGroup section */

/* Begin XCBuildConfiguration section */
		89627DD61EE71987000A1543 /* Debug */ = {
			isa = XCBuildConfiguration;
			buildSettings = {
				ALWAYS_SEARCH_USER_PATHS = NO;
				CLANG_ANALYZER_NONNULL = YES;
				CLANG_ANALYZER_NUMBER_OBJECT_CONVERSION = YES_AGGRESSIVE;
				CLANG_CXX_LANGUAGE_STANDARD = "gnu++0x";
				CLANG_CXX_LIBRARY = "libc++";
				CLANG_ENABLE_MODULES = YES;
				CLANG_ENABLE_OBJC_ARC = YES;
				CLANG_WARN_BOOL_CONVERSION = YES;
				CLANG_WARN_CONSTANT_CONVERSION = YES;
				CLANG_WARN_DIRECT_OBJC_ISA_USAGE = YES_ERROR;
				CLANG_WARN_DOCUMENTATION_COMMENTS = YES;
				CLANG_WARN_EMPTY_BODY = YES;
				CLANG_WARN_ENUM_CONVERSION = YES;
				CLANG_WARN_INFINITE_RECURSION = YES;
				CLANG_WARN_INT_CONVERSION = YES;
				CLANG_WARN_OBJC_ROOT_CLASS = YES_ERROR;
				CLANG_WARN_SUSPICIOUS_MOVE = YES;
				CLANG_WARN_UNREACHABLE_CODE = YES;
				CLANG_WARN__DUPLICATE_METHOD_MATCH = YES;
				"CODE_SIGN_IDENTITY[sdk=iphoneos*]" = "iPhone Developer";
				COPY_PHASE_STRIP = NO;
				DEBUG_INFORMATION_FORMAT = dwarf;
				ENABLE_STRICT_OBJC_MSGSEND = YES;
				ENABLE_TESTABILITY = YES;
				GCC_C_LANGUAGE_STANDARD = gnu99;
				GCC_DYNAMIC_NO_PIC = NO;
				GCC_NO_COMMON_BLOCKS = YES;
				GCC_OPTIMIZATION_LEVEL = 0;
				GCC_PREPROCESSOR_DEFINITIONS = (
					"DEBUG=1",
					"$(inherited)",
				);
				GCC_WARN_64_TO_32_BIT_CONVERSION = YES;
				GCC_WARN_ABOUT_RETURN_TYPE = YES_ERROR;
				GCC_WARN_UNDECLARED_SELECTOR = YES;
				GCC_WARN_UNINITIALIZED_AUTOS = YES_AGGRESSIVE;
				GCC_WARN_UNUSED_FUNCTION = YES;
				GCC_WARN_UNUSED_VARIABLE = YES;
				IPHONEOS_DEPLOYMENT_TARGET = 10.3;
				MTL_ENABLE_DEBUG_INFO = YES;
				ONLY_ACTIVE_ARCH = YES;
				SDKROOT = iphoneos;
				SWIFT_ACTIVE_COMPILATION_CONDITIONS = DEBUG;
				SWIFT_OPTIMIZATION_LEVEL = "-Onone";
				TARGETED_DEVICE_FAMILY = "1,2";
			};
			name = Debug;
		};
		89627DD71EE71987000A1543 /* Release */ = {
			isa = XCBuildConfiguration;
			buildSettings = {
				ALWAYS_SEARCH_USER_PATHS = NO;
				CLANG_ANALYZER_NONNULL = YES;
				CLANG_ANALYZER_NUMBER_OBJECT_CONVERSION = YES_AGGRESSIVE;
				CLANG_CXX_LANGUAGE_STANDARD = "gnu++0x";
				CLANG_CXX_LIBRARY = "libc++";
				CLANG_ENABLE_MODULES = YES;
				CLANG_ENABLE_OBJC_ARC = YES;
				CLANG_WARN_BOOL_CONVERSION = YES;
				CLANG_WARN_CONSTANT_CONVERSION = YES;
				CLANG_WARN_DIRECT_OBJC_ISA_USAGE = YES_ERROR;
				CLANG_WARN_DOCUMENTATION_COMMENTS = YES;
				CLANG_WARN_EMPTY_BODY = YES;
				CLANG_WARN_ENUM_CONVERSION = YES;
				CLANG_WARN_INFINITE_RECURSION = YES;
				CLANG_WARN_INT_CONVERSION = YES;
				CLANG_WARN_OBJC_ROOT_CLASS = YES_ERROR;
				CLANG_WARN_SUSPICIOUS_MOVE = YES;
				CLANG_WARN_UNREACHABLE_CODE = YES;
				CLANG_WARN__DUPLICATE_METHOD_MATCH = YES;
				"CODE_SIGN_IDENTITY[sdk=iphoneos*]" = "iPhone Developer";
				COPY_PHASE_STRIP = NO;
				DEBUG_INFORMATION_FORMAT = "dwarf-with-dsym";
				ENABLE_NS_ASSERTIONS = NO;
				ENABLE_STRICT_OBJC_MSGSEND = YES;
				GCC_C_LANGUAGE_STANDARD = gnu99;
				GCC_NO_COMMON_BLOCKS = YES;
				GCC_WARN_64_TO_32_BIT_CONVERSION = YES;
				GCC_WARN_ABOUT_RETURN_TYPE = YES_ERROR;
				GCC_WARN_UNDECLARED_SELECTOR = YES;
				GCC_WARN_UNINITIALIZED_AUTOS = YES_AGGRESSIVE;
				GCC_WARN_UNUSED_FUNCTION = YES;
				GCC_WARN_UNUSED_VARIABLE = YES;
				IPHONEOS_DEPLOYMENT_TARGET = 10.3;
				MTL_ENABLE_DEBUG_INFO = NO;
				SDKROOT = iphoneos;
				SWIFT_OPTIMIZATION_LEVEL = "-Owholemodule";
				TARGETED_DEVICE_FAMILY = "1,2";
				VALIDATE_PRODUCT = YES;
			};
			name = Release;
		};
		89627DD91EE71987000A1543 /* Debug */ = {
			isa = XCBuildConfiguration;
			baseConfigurationReference = F71D40C56B47680F2C151706 /* Pods-SocialApp.debug.xcconfig */;
			buildSettings = {
				ASSETCATALOG_COMPILER_APPICON_NAME = AppIcon;
				DEVELOPMENT_TEAM = 997RL2KYD9;
				INFOPLIST_FILE = SocialApp/Info.plist;
				LD_RUNPATH_SEARCH_PATHS = "$(inherited) @executable_path/Frameworks";
				PRODUCT_BUNDLE_IDENTIFIER = com.jeffripke.SocialApp;
				PRODUCT_NAME = "$(TARGET_NAME)";
				SWIFT_VERSION = 3.0;
			};
			name = Debug;
		};
		89627DDA1EE71987000A1543 /* Release */ = {
			isa = XCBuildConfiguration;
			baseConfigurationReference = 8A1F1459040AC731BB2213DC /* Pods-SocialApp.release.xcconfig */;
			buildSettings = {
				ASSETCATALOG_COMPILER_APPICON_NAME = AppIcon;
				DEVELOPMENT_TEAM = 997RL2KYD9;
				INFOPLIST_FILE = SocialApp/Info.plist;
				LD_RUNPATH_SEARCH_PATHS = "$(inherited) @executable_path/Frameworks";
				PRODUCT_BUNDLE_IDENTIFIER = com.jeffripke.SocialApp;
				PRODUCT_NAME = "$(TARGET_NAME)";
				SWIFT_VERSION = 3.0;
			};
			name = Release;
		};
/* End XCBuildConfiguration section */

/* Begin XCConfigurationList section */
		89627DC11EE71987000A1543 /* Build configuration list for PBXProject "SocialApp" */ = {
			isa = XCConfigurationList;
			buildConfigurations = (
				89627DD61EE71987000A1543 /* Debug */,
				89627DD71EE71987000A1543 /* Release */,
			);
			defaultConfigurationIsVisible = 0;
			defaultConfigurationName = Release;
		};
		89627DD81EE71987000A1543 /* Build configuration list for PBXNativeTarget "SocialApp" */ = {
			isa = XCConfigurationList;
			buildConfigurations = (
				89627DD91EE71987000A1543 /* Debug */,
				89627DDA1EE71987000A1543 /* Release */,
			);
			defaultConfigurationIsVisible = 0;
			defaultConfigurationName = Release;
		};
/* End XCConfigurationList section */
	};
	rootObject = 89627DBE1EE71987000A1543 /* Project object */;
}
